{
  "name": "@catalpa_international/pouchdb-dump-cli",
  "version": "2.0.8",
  "lockfileVersion": 1,
  "requires": true,
  "dependencies": {
    "abort-controller": {
      "version": "3.0.0",
      "resolved": "https://registry.npmjs.org/abort-controller/-/abort-controller-3.0.0.tgz",
      "integrity": "sha512-h8lQ8tacZYnR3vNQTgibj+tODHI5/+l06Au2Pcriv/Gmet0eaj4TwWH41sO9wnHDiQsEj19q0drzdWdeAHtweg==",
      "requires": {
        "event-target-shim": "^5.0.0"
      }
    },
    "abstract-leveldown": {
      "version": "6.2.3",
      "resolved": "https://registry.npmjs.org/abstract-leveldown/-/abstract-leveldown-6.2.3.tgz",
      "integrity": "sha512-BsLm5vFMRUrrLeCcRc+G0t2qOaTzpoJQLOubq2XM72eNpjF5UdU5o/5NvlNhx95XHcAvcl8OMXr4mlg/fRgUXQ==",
      "requires": {
        "buffer": "^5.5.0",
        "immediate": "^3.2.3",
        "level-concat-iterator": "~2.0.0",
        "level-supports": "~1.0.0",
        "xtend": "~4.0.0"
      },
      "dependencies": {
        "immediate": {
          "version": "3.3.0",
          "resolved": "https://registry.npmjs.org/immediate/-/immediate-3.3.0.tgz",
          "integrity": "sha512-HR7EVodfFUdQCTIeySw+WDRFJlPcLOJbXfwwZ7Oom6tjsvZ3bOkCDJHehQC3nxJrv7+f9XecwazynjU8e4Vw3Q=="
        }
      }
    },
    "ansi-regex": {
      "version": "5.0.0",
      "resolved": "https://registry.npmjs.org/ansi-regex/-/ansi-regex-5.0.0.tgz",
      "integrity": "sha512-bY6fj56OUQ0hU1KjFNDQuJFezqKdrAyFdIevADiqrWHwSlbmBNMHp5ak2f40Pm8JTFyM2mqxkG6ngkHO11f/lg=="
    },
    "ansi-styles": {
      "version": "4.3.0",
      "resolved": "https://registry.npmjs.org/ansi-styles/-/ansi-styles-4.3.0.tgz",
      "integrity": "sha512-zbB9rCJAT1rbjiVDb2hqKFHNYLxgtk8NURxZ3IZwD3F6NtxbXZQCnnSi1Lkx+IDohdPlFp222wVALIheZJQSEg==",
      "requires": {
        "color-convert": "^2.0.1"
      }
    },
    "argsarray": {
      "version": "0.0.1",
      "resolved": "https://registry.npmjs.org/argsarray/-/argsarray-0.0.1.tgz",
      "integrity": "sha1-bnIHtOzbObCviDA/pa4ivajfYcs="
    },
    "base64-js": {
      "version": "1.3.1",
      "resolved": "https://registry.npmjs.org/base64-js/-/base64-js-1.3.1.tgz",
      "integrity": "sha512-mLQ4i2QO1ytvGWFWmcngKO//JXAQueZvwEKtjgQFM4jIK0kU+ytMfplL8j+n5mspOfjHwoAg+9yhb7BwAHm36g=="
    },
    "buffer": {
      "version": "5.6.0",
      "resolved": "https://registry.npmjs.org/buffer/-/buffer-5.6.0.tgz",
      "integrity": "sha512-/gDYp/UtU0eA1ys8bOs9J6a+E/KWIY+DZ+Q2WESNUA0jFRsJOc0SNUO6xJ5SGA1xueg3NL65W6s+NY5l9cunuw==",
      "requires": {
        "base64-js": "^1.0.2",
        "ieee754": "^1.1.4"
      }
    },
    "buffer-from": {
      "version": "1.1.1",
      "resolved": "https://registry.npmjs.org/buffer-from/-/buffer-from-1.1.1.tgz",
      "integrity": "sha512-MQcXEUbCKtEo7bhqEs6560Hyd4XaovZlO/k9V3hjVUF/zwW7KBVdSK4gIt/bzwS9MbR5qob+F5jusZsb0YQK2A=="
    },
    "cliui": {
      "version": "7.0.3",
      "resolved": "https://registry.npmjs.org/cliui/-/cliui-7.0.3.tgz",
      "integrity": "sha512-Gj3QHTkVMPKqwP3f7B4KPkBZRMR9r4rfi5bXFpg1a+Svvj8l7q5CnkBkVQzfxT5DFSsGk2+PascOgL0JYkL2kw==",
      "requires": {
        "string-width": "^4.2.0",
        "strip-ansi": "^6.0.0",
        "wrap-ansi": "^7.0.0"
      }
    },
    "clone-buffer": {
      "version": "1.0.0",
      "resolved": "https://registry.npmjs.org/clone-buffer/-/clone-buffer-1.0.0.tgz",
      "integrity": "sha1-4+JbIHrE5wGvch4staFnksrD3Fg="
    },
    "color-convert": {
      "version": "2.0.1",
      "resolved": "https://registry.npmjs.org/color-convert/-/color-convert-2.0.1.tgz",
      "integrity": "sha512-RRECPsj7iu/xb5oKYcsFHSppFNnsj/52OVTRKb4zP5onXwVF3zVmmToNcOfGC+CRDpfK/U584fMg38ZHCaElKQ==",
      "requires": {
        "color-name": "~1.1.4"
      }
    },
    "color-name": {
      "version": "1.1.4",
      "resolved": "https://registry.npmjs.org/color-name/-/color-name-1.1.4.tgz",
      "integrity": "sha512-dOy+3AuW3a2wNbZHIuMZpTcgjGuLU/uBL/ubcZF9OXbDo8ff4O8yVp5Bf0efS8uEoYo5q4Fx7dY9OgQGXgAsQA=="
    },
    "core-util-is": {
      "version": "1.0.2",
      "resolved": "https://registry.npmjs.org/core-util-is/-/core-util-is-1.0.2.tgz",
      "integrity": "sha1-tf1UIgqivFq1eqtxQMlAdUUDwac="
    },
    "deferred-leveldown": {
      "version": "5.3.0",
      "resolved": "https://registry.npmjs.org/deferred-leveldown/-/deferred-leveldown-5.3.0.tgz",
      "integrity": "sha512-a59VOT+oDy7vtAbLRCZwWgxu2BaCfd5Hk7wxJd48ei7I+nsg8Orlb9CLG0PMZienk9BSUKgeAqkO2+Lw+1+Ukw==",
      "requires": {
        "abstract-leveldown": "~6.2.1",
        "inherits": "^2.0.3"
      }
    },
    "double-ended-queue": {
      "version": "2.1.0-0",
      "resolved": "https://registry.npmjs.org/double-ended-queue/-/double-ended-queue-2.1.0-0.tgz",
      "integrity": "sha1-ED01J/0xUo9AGIEwyEHv3XgmTlw="
    },
    "emoji-regex": {
      "version": "8.0.0",
      "resolved": "https://registry.npmjs.org/emoji-regex/-/emoji-regex-8.0.0.tgz",
      "integrity": "sha512-MSjYzcWNOA0ewAHpz0MxpYFvwg6yjy1NG3xteoqz644VCo/RPgnr1/GGt+ic3iJTzQ8Eu3TdM14SawnVUmGE6A=="
    },
    "encoding-down": {
      "version": "6.3.0",
      "resolved": "https://registry.npmjs.org/encoding-down/-/encoding-down-6.3.0.tgz",
      "integrity": "sha512-QKrV0iKR6MZVJV08QY0wp1e7vF6QbhnbQhb07bwpEyuz4uZiZgPlEGdkCROuFkUwdxlFaiPIhjyarH1ee/3vhw==",
      "requires": {
        "abstract-leveldown": "^6.2.1",
        "inherits": "^2.0.3",
        "level-codec": "^9.0.0",
        "level-errors": "^2.0.0"
      }
    },
    "end-stream": {
      "version": "0.1.0",
      "resolved": "https://registry.npmjs.org/end-stream/-/end-stream-0.1.0.tgz",
      "integrity": "sha1-MgA/P0OKKwFDFoE3+PpumGbIHtU=",
      "requires": {
        "write-stream": "~0.4.3"
      }
    },
    "errno": {
      "version": "0.1.7",
      "resolved": "https://registry.npmjs.org/errno/-/errno-0.1.7.tgz",
      "integrity": "sha512-MfrRBDWzIWifgq6tJj60gkAwtLNb6sQPlcFrSOflcP1aFmmruKQ2wRnze/8V6kgyz7H3FF8Npzv78mZ7XLLflg==",
      "requires": {
        "prr": "~1.0.1"
      }
    },
    "escalade": {
      "version": "3.1.1",
      "resolved": "https://registry.npmjs.org/escalade/-/escalade-3.1.1.tgz",
      "integrity": "sha512-k0er2gUkLf8O0zKJiAhmkTnJlTvINGv7ygDNPbeIsX/TJjGJZHuh9B2UxbsaEkmlEo9MfhrSzmhIlhRlI2GXnw=="
    },
    "event-target-shim": {
      "version": "5.0.1",
      "resolved": "https://registry.npmjs.org/event-target-shim/-/event-target-shim-5.0.1.tgz",
      "integrity": "sha512-i/2XbnSz/uxRCU6+NdVJgKWDTM427+MqYbkQzD321DuCQJUqOuJKIA0IM2+W2xtYHdKOmZ4dR6fExsd4SXL+WQ=="
    },
    "fetch-cookie": {
      "version": "0.10.1",
      "resolved": "https://registry.npmjs.org/fetch-cookie/-/fetch-cookie-0.10.1.tgz",
      "integrity": "sha512-beB+VEd4cNeVG1PY+ee74+PkuCQnik78pgLi5Ah/7qdUfov8IctU0vLUbBT8/10Ma5GMBeI4wtxhGrEfKNYs2g==",
      "requires": {
        "tough-cookie": "^2.3.3 || ^3.0.1 || ^4.0.0"
      }
    },
    "get-caller-file": {
      "version": "2.0.5",
      "resolved": "https://registry.npmjs.org/get-caller-file/-/get-caller-file-2.0.5.tgz",
      "integrity": "sha512-DyFP3BM/3YHTQOCUL/w0OZHR0lpKeGrxotcHWcqNEdnltqFwXVfhEBQ94eIo34AfQpo0rGki4cyIiftY06h2Fg=="
    },
    "ieee754": {
      "version": "1.1.13",
      "resolved": "https://registry.npmjs.org/ieee754/-/ieee754-1.1.13.tgz",
      "integrity": "sha512-4vf7I2LYV/HaWerSo3XmlMkp5eZ83i+/CDluXi/IGTs/O1sejBNhTtnxzmRZfvOUqj7lZjqHkeTvpgSFDlWZTg=="
    },
    "immediate": {
      "version": "3.0.6",
      "resolved": "https://registry.npmjs.org/immediate/-/immediate-3.0.6.tgz",
      "integrity": "sha1-nbHb0Pr43m++D13V5Wu2BigN5ps="
    },
    "inherits": {
      "version": "2.0.4",
      "resolved": "https://registry.npmjs.org/inherits/-/inherits-2.0.4.tgz",
      "integrity": "sha512-k/vGaX4/Yla3WzyMCvTQOXYeIHvqOKtnqBduzTHpzpQZzAskKMhZ2K+EnBiSM9zGSoIFeMpXKxa4dYeZIQqewQ=="
    },
    "is-fullwidth-code-point": {
      "version": "3.0.0",
      "resolved": "https://registry.npmjs.org/is-fullwidth-code-point/-/is-fullwidth-code-point-3.0.0.tgz",
      "integrity": "sha512-zymm5+u+sCsSWyD9qNaejV3DFvhCKclKdizYaJUuHA83RLjb7nSuGnddCHGv0hk+KY7BMAlsWeK4Ueg6EV6XQg=="
    },
    "isarray": {
      "version": "0.0.1",
      "resolved": "https://registry.npmjs.org/isarray/-/isarray-0.0.1.tgz",
      "integrity": "sha1-ihis/Kmo9Bd+Cav8YDiTmwXR7t8="
    },
    "json-stringify-safe": {
      "version": "5.0.1",
      "resolved": "https://registry.npmjs.org/json-stringify-safe/-/json-stringify-safe-5.0.1.tgz",
      "integrity": "sha1-Epai1Y/UXxmg9s4B1lcB4sc1tus="
    },
    "level": {
      "version": "6.0.1",
      "resolved": "https://registry.npmjs.org/level/-/level-6.0.1.tgz",
      "integrity": "sha512-psRSqJZCsC/irNhfHzrVZbmPYXDcEYhA5TVNwr+V92jF44rbf86hqGp8fiT702FyiArScYIlPSBTDUASCVNSpw==",
      "requires": {
        "level-js": "^5.0.0",
        "level-packager": "^5.1.0",
        "leveldown": "^5.4.0"
      }
    },
    "level-codec": {
      "version": "9.0.2",
      "resolved": "https://registry.npmjs.org/level-codec/-/level-codec-9.0.2.tgz",
      "integrity": "sha512-UyIwNb1lJBChJnGfjmO0OR+ezh2iVu1Kas3nvBS/BzGnx79dv6g7unpKIDNPMhfdTEGoc7mC8uAu51XEtX+FHQ==",
      "requires": {
        "buffer": "^5.6.0"
      }
    },
    "level-concat-iterator": {
      "version": "2.0.1",
      "resolved": "https://registry.npmjs.org/level-concat-iterator/-/level-concat-iterator-2.0.1.tgz",
      "integrity": "sha512-OTKKOqeav2QWcERMJR7IS9CUo1sHnke2C0gkSmcR7QuEtFNLLzHQAvnMw8ykvEcv0Qtkg0p7FOwP1v9e5Smdcw=="
    },
    "level-errors": {
      "version": "2.0.1",
      "resolved": "https://registry.npmjs.org/level-errors/-/level-errors-2.0.1.tgz",
      "integrity": "sha512-UVprBJXite4gPS+3VznfgDSU8PTRuVX0NXwoWW50KLxd2yw4Y1t2JUR5In1itQnudZqRMT9DlAM3Q//9NCjCFw==",
      "requires": {
        "errno": "~0.1.1"
      }
    },
    "level-iterator-stream": {
      "version": "4.0.2",
      "resolved": "https://registry.npmjs.org/level-iterator-stream/-/level-iterator-stream-4.0.2.tgz",
      "integrity": "sha512-ZSthfEqzGSOMWoUGhTXdX9jv26d32XJuHz/5YnuHZzH6wldfWMOVwI9TBtKcya4BKTyTt3XVA0A3cF3q5CY30Q==",
      "requires": {
        "inherits": "^2.0.4",
        "readable-stream": "^3.4.0",
        "xtend": "^4.0.2"
      }
    },
    "level-js": {
      "version": "5.0.2",
      "resolved": "https://registry.npmjs.org/level-js/-/level-js-5.0.2.tgz",
      "integrity": "sha512-SnBIDo2pdO5VXh02ZmtAyPP6/+6YTJg2ibLtl9C34pWvmtMEmRTWpra+qO/hifkUtBTOtfx6S9vLDjBsBK4gRg==",
      "requires": {
        "abstract-leveldown": "~6.2.3",
        "buffer": "^5.5.0",
        "inherits": "^2.0.3",
        "ltgt": "^2.1.2"
      }
    },
    "level-packager": {
      "version": "5.1.1",
      "resolved": "https://registry.npmjs.org/level-packager/-/level-packager-5.1.1.tgz",
      "integrity": "sha512-HMwMaQPlTC1IlcwT3+swhqf/NUO+ZhXVz6TY1zZIIZlIR0YSn8GtAAWmIvKjNY16ZkEg/JcpAuQskxsXqC0yOQ==",
      "requires": {
        "encoding-down": "^6.3.0",
        "levelup": "^4.3.2"
      }
    },
    "level-supports": {
      "version": "1.0.1",
      "resolved": "https://registry.npmjs.org/level-supports/-/level-supports-1.0.1.tgz",
      "integrity": "sha512-rXM7GYnW8gsl1vedTJIbzOrRv85c/2uCMpiiCzO2fndd06U/kUXEEU9evYn4zFggBOg36IsBW8LzqIpETwwQzg==",
      "requires": {
        "xtend": "^4.0.2"
      }
    },
    "level-write-stream": {
      "version": "1.0.0",
      "resolved": "https://registry.npmjs.org/level-write-stream/-/level-write-stream-1.0.0.tgz",
      "integrity": "sha1-P3+7Z5pVE3wP6zA97nZuEu4Twdw=",
      "requires": {
        "end-stream": "~0.1.0"
      }
    },
    "leveldown": {
      "version": "5.6.0",
      "resolved": "https://registry.npmjs.org/leveldown/-/leveldown-5.6.0.tgz",
      "integrity": "sha512-iB8O/7Db9lPaITU1aA2txU/cBEXAt4vWwKQRrrWuS6XDgbP4QZGj9BL2aNbwb002atoQ/lIotJkfyzz+ygQnUQ==",
      "requires": {
        "abstract-leveldown": "~6.2.1",
        "napi-macros": "~2.0.0",
        "node-gyp-build": "~4.1.0"
      }
    },
    "levelup": {
      "version": "4.4.0",
      "resolved": "https://registry.npmjs.org/levelup/-/levelup-4.4.0.tgz",
      "integrity": "sha512-94++VFO3qN95cM/d6eBXvd894oJE0w3cInq9USsyQzzoJxmiYzPAocNcuGCPGGjoXqDVJcr3C1jzt1TSjyaiLQ==",
      "requires": {
        "deferred-leveldown": "~5.3.0",
        "level-errors": "~2.0.0",
        "level-iterator-stream": "~4.0.0",
        "level-supports": "~1.0.0",
        "xtend": "~4.0.0"
      }
    },
    "lie": {
      "version": "3.3.0",
      "resolved": "https://registry.npmjs.org/lie/-/lie-3.3.0.tgz",
      "integrity": "sha512-UaiMJzeWRlEujzAuw5LokY1L5ecNQYZKfmyZ9L7wDHb/p5etKaxXhohBcrw0EYby+G/NA52vRSN4N39dxHAIwQ==",
      "requires": {
        "immediate": "~3.0.5"
      }
    },
    "lodash.pick": {
      "version": "4.4.0",
      "resolved": "https://registry.npmjs.org/lodash.pick/-/lodash.pick-4.4.0.tgz",
      "integrity": "sha1-UvBWEP/53tQiYRRB7R/BI6AwAbM="
    },
    "ltgt": {
      "version": "2.2.1",
      "resolved": "https://registry.npmjs.org/ltgt/-/ltgt-2.2.1.tgz",
      "integrity": "sha1-81ypHEk/e3PaDgdJUwTxezH4fuU="
    },
    "minimist": {
      "version": "1.2.5",
      "resolved": "https://registry.npmjs.org/minimist/-/minimist-1.2.5.tgz",
      "integrity": "sha512-FM9nNUYrRBAELZQT3xeZQ7fmMOBg6nWNmJKTcgsJeaLstP/UODVpGsr5OhXhhXg6f+qtJ8uiZ+PUxkDWcgIXLw=="
    },
    "napi-macros": {
      "version": "2.0.0",
      "resolved": "https://registry.npmjs.org/napi-macros/-/napi-macros-2.0.0.tgz",
      "integrity": "sha512-A0xLykHtARfueITVDernsAWdtIMbOJgKgcluwENp3AlsKN/PloyO10HtmoqnFAQAcxPkgZN7wdfPfEd0zNGxbg=="
    },
    "ndjson": {
      "version": "1.5.0",
      "resolved": "https://registry.npmjs.org/ndjson/-/ndjson-1.5.0.tgz",
      "integrity": "sha1-rmA7NrE0vOw0e0UkIrC/mNWDLsg=",
      "requires": {
        "json-stringify-safe": "^5.0.1",
        "minimist": "^1.2.0",
        "split2": "^2.1.0",
        "through2": "^2.0.3"
      },
      "dependencies": {
        "isarray": {
          "version": "1.0.0",
          "resolved": "https://registry.npmjs.org/isarray/-/isarray-1.0.0.tgz",
          "integrity": "sha1-u5NdSFgsuhaMBoNJV6VKPgcSTxE="
        },
        "readable-stream": {
          "version": "2.3.7",
          "resolved": "https://registry.npmjs.org/readable-stream/-/readable-stream-2.3.7.tgz",
          "integrity": "sha512-Ebho8K4jIbHAxnuxi7o42OrZgF/ZTNcsZj6nRKyUmkhLFq8CHItp/fy6hQZuZmP/n3yZ9VBUbp4zz/mX8hmYPw==",
          "requires": {
            "core-util-is": "~1.0.0",
            "inherits": "~2.0.3",
            "isarray": "~1.0.0",
            "process-nextick-args": "~2.0.0",
            "safe-buffer": "~5.1.1",
            "string_decoder": "~1.1.1",
            "util-deprecate": "~1.0.1"
          }
        },
        "safe-buffer": {
          "version": "5.1.2",
          "resolved": "https://registry.npmjs.org/safe-buffer/-/safe-buffer-5.1.2.tgz",
          "integrity": "sha512-Gd2UZBJDkXlY7GbJxfsE8/nvKkUEU1G38c1siN6QP6a9PT9MmHB8GnpscSmMJSoF8LOIrt8ud/wPtojys4G6+g=="
        },
        "string_decoder": {
          "version": "1.1.1",
          "resolved": "https://registry.npmjs.org/string_decoder/-/string_decoder-1.1.1.tgz",
          "integrity": "sha512-n/ShnvDi6FHbbVfviro+WojiFzv+s8MPMHBczVePfUpDJLwoLT0ht1l4YwBCbi8pJAveEEdnkHyPyTP/mzRfwg==",
          "requires": {
            "safe-buffer": "~5.1.0"
          }
        },
        "through2": {
          "version": "2.0.5",
          "resolved": "https://registry.npmjs.org/through2/-/through2-2.0.5.tgz",
          "integrity": "sha512-/mrRod8xqpA+IHSLyGCQ2s8SPHiCDEeQJSep1jqLYeEUClOFG2Qsh+4FU6G9VeqpZnGW/Su8LQGc4YKni5rYSQ==",
          "requires": {
            "readable-stream": "~2.3.6",
            "xtend": "~4.0.1"
          }
        }
      }
    },
    "node-fetch": {
      "version": "2.6.0",
      "resolved": "https://registry.npmjs.org/node-fetch/-/node-fetch-2.6.0.tgz",
      "integrity": "sha512-8dG4H5ujfvFiqDmVu9fQ5bOHUC15JMjMY/Zumv26oOvvVJjM67KF8koCWIabKQ1GJIa9r2mMZscBq/TbdOcmNA=="
    },
    "node-gyp-build": {
      "version": "4.1.1",
      "resolved": "https://registry.npmjs.org/node-gyp-build/-/node-gyp-build-4.1.1.tgz",
      "integrity": "sha512-dSq1xmcPDKPZ2EED2S6zw/b9NKsqzXRE6dVr8TVQnI3FJOTteUMuqF3Qqs6LZg+mLGYJWqQzMbIjMtJqTv87nQ=="
    },
    "pouch-stream": {
      "version": "0.4.1",
      "resolved": "https://registry.npmjs.org/pouch-stream/-/pouch-stream-0.4.1.tgz",
      "integrity": "sha1-DG2EdckwdndieZGi8HmzAcO4m90=",
      "requires": {
        "inherits": "^2.0.1",
        "readable-stream": "^1.0.27-1"
      },
      "dependencies": {
        "readable-stream": {
          "version": "1.1.14",
          "resolved": "https://registry.npmjs.org/readable-stream/-/readable-stream-1.1.14.tgz",
          "integrity": "sha1-fPTFTvZI44EwhMY23SB54WbAgdk=",
          "requires": {
            "core-util-is": "~1.0.0",
            "inherits": "~2.0.1",
            "isarray": "0.0.1",
            "string_decoder": "~0.10.x"
          }
        },
        "string_decoder": {
          "version": "0.10.31",
          "resolved": "https://registry.npmjs.org/string_decoder/-/string_decoder-0.10.31.tgz",
          "integrity": "sha1-YuIDvEF2bGwoyfyEMB2rHFMQ+pQ="
        }
      }
    },
    "pouchdb-adapter-http": {
      "version": "7.2.2",
      "resolved": "https://registry.npmjs.org/pouchdb-adapter-http/-/pouchdb-adapter-http-7.2.2.tgz",
      "integrity": "sha512-6Z6umJq7b5sRXwDM3CLfHrGhJPMR02M5osUxkwH1PpqcTF0EXPJvX+PtzTjSPcXWfaK6kgH3zNrRKQDdpzjI9A==",
      "requires": {
        "argsarray": "0.0.1",
        "pouchdb-binary-utils": "7.2.2",
        "pouchdb-errors": "7.2.2",
        "pouchdb-fetch": "7.2.2",
        "pouchdb-utils": "7.2.2"
      }
    },
    "pouchdb-adapter-leveldb": {
      "version": "7.2.2",
      "resolved": "https://registry.npmjs.org/pouchdb-adapter-leveldb/-/pouchdb-adapter-leveldb-7.2.2.tgz",
      "integrity": "sha512-f0m1ZbP5wvnEQIVy7Po89Hhh0mrkkf5LEEZJ3H54pdqpE1ebuJ3WorI3J3CsBXAh4i3PBNR/6SsmO7YhQONsjQ==",
      "requires": {
        "level": "6.0.1",
        "level-write-stream": "1.0.0",
        "leveldown": "5.6.0",
        "pouchdb-adapter-leveldb-core": "7.2.2",
        "pouchdb-merge": "7.2.2",
        "pouchdb-utils": "7.2.2",
        "through2": "3.0.2"
      },
      "dependencies": {
        "through2": {
          "version": "3.0.2",
          "resolved": "https://registry.npmjs.org/through2/-/through2-3.0.2.tgz",
          "integrity": "sha512-enaDQ4MUyP2W6ZyT6EsMzqBPZaM/avg8iuo+l2d3QCs0J+6RaqkHV/2/lOwDTueBHeJ/2LG9lrLW3d5rWPucuQ==",
          "requires": {
            "inherits": "^2.0.4",
            "readable-stream": "2 || 3"
          }
        }
      }
    },
    "pouchdb-adapter-leveldb-core": {
      "version": "7.2.2",
      "resolved": "https://registry.npmjs.org/pouchdb-adapter-leveldb-core/-/pouchdb-adapter-leveldb-core-7.2.2.tgz",
      "integrity": "sha512-K9UGf1Ivwe87mjrMqN+1D07tO/DfU7ariVDrGffuOjvl+3BcvUF25IWrxsBObd4iPOYCH7NVQWRpojhBgxULtQ==",
      "requires": {
        "argsarray": "0.0.1",
        "buffer-from": "1.1.1",
        "double-ended-queue": "2.1.0-0",
        "levelup": "4.4.0",
        "pouchdb-adapter-utils": "7.2.2",
        "pouchdb-binary-utils": "7.2.2",
        "pouchdb-collections": "7.2.2",
        "pouchdb-errors": "7.2.2",
        "pouchdb-json": "7.2.2",
        "pouchdb-md5": "7.2.2",
        "pouchdb-merge": "7.2.2",
        "pouchdb-utils": "7.2.2",
        "sublevel-pouchdb": "7.2.2",
        "through2": "3.0.2"
      },
      "dependencies": {
        "through2": {
          "version": "3.0.2",
          "resolved": "https://registry.npmjs.org/through2/-/through2-3.0.2.tgz",
          "integrity": "sha512-enaDQ4MUyP2W6ZyT6EsMzqBPZaM/avg8iuo+l2d3QCs0J+6RaqkHV/2/lOwDTueBHeJ/2LG9lrLW3d5rWPucuQ==",
          "requires": {
            "inherits": "^2.0.4",
            "readable-stream": "2 || 3"
          }
        }
      }
    },
    "pouchdb-adapter-utils": {
      "version": "7.2.2",
      "resolved": "https://registry.npmjs.org/pouchdb-adapter-utils/-/pouchdb-adapter-utils-7.2.2.tgz",
      "integrity": "sha512-2CzZkTyTyHZkr3ePiWFMTiD5+56lnembMjaTl8ohwegM0+hYhRyJux0biAZafVxgIL4gnCUC4w2xf6WVztzKdg==",
      "requires": {
        "pouchdb-binary-utils": "7.2.2",
        "pouchdb-collections": "7.2.2",
        "pouchdb-errors": "7.2.2",
        "pouchdb-md5": "7.2.2",
        "pouchdb-merge": "7.2.2",
        "pouchdb-utils": "7.2.2"
      }
    },
    "pouchdb-binary-utils": {
      "version": "7.2.2",
      "resolved": "https://registry.npmjs.org/pouchdb-binary-utils/-/pouchdb-binary-utils-7.2.2.tgz",
      "integrity": "sha512-shacxlmyHbUrNfE6FGYpfyAJx7Q0m91lDdEAaPoKZM3SzAmbtB1i+OaDNtYFztXjJl16yeudkDb3xOeokVL3Qw==",
      "requires": {
        "buffer-from": "1.1.1"
      }
    },
    "pouchdb-changes-filter": {
      "version": "7.2.2",
      "resolved": "https://registry.npmjs.org/pouchdb-changes-filter/-/pouchdb-changes-filter-7.2.2.tgz",
      "integrity": "sha512-1txJnTtL/C7zrq+spLt3pH9EDHTWmLLwp2zx8zUQrkt6eQtuLuXUI7G84xe+hfpU0rQvUzp/APYMnko0/6Rw0A==",
      "requires": {
        "pouchdb-errors": "7.2.2",
        "pouchdb-selector-core": "7.2.2",
        "pouchdb-utils": "7.2.2"
      }
    },
    "pouchdb-checkpointer": {
      "version": "7.2.2",
      "resolved": "https://registry.npmjs.org/pouchdb-checkpointer/-/pouchdb-checkpointer-7.2.2.tgz",
      "integrity": "sha512-O2i0vjLnZwcuSI41omrdaiyPWofCRLPBs+Sw5ad/GtYQbvxRt0CJEqYCrOaDnAsgIVoRG5PK/9gDzszv2CQsvg==",
      "requires": {
        "pouchdb-collate": "7.2.2",
        "pouchdb-utils": "7.2.2"
      }
    },
    "pouchdb-collate": {
      "version": "7.2.2",
      "resolved": "https://registry.npmjs.org/pouchdb-collate/-/pouchdb-collate-7.2.2.tgz",
      "integrity": "sha512-/SMY9GGasslknivWlCVwXMRMnQ8myKHs4WryQ5535nq1Wj/ehpqWloMwxEQGvZE1Sda3LOm7/5HwLTcB8Our+w=="
    },
    "pouchdb-collections": {
      "version": "7.2.2",
      "resolved": "https://registry.npmjs.org/pouchdb-collections/-/pouchdb-collections-7.2.2.tgz",
      "integrity": "sha512-6O9zyAYlp3UdtfneiMYuOCWdUCQNo2bgdjvNsMSacQX+3g8WvIoFQCYJjZZCpTttQGb+MHeRMr8m2U95lhJTew=="
    },
    "pouchdb-core": {
      "version": "7.2.2",
      "resolved": "https://registry.npmjs.org/pouchdb-core/-/pouchdb-core-7.2.2.tgz",
      "integrity": "sha512-AnMmSH+xx12Vk6oASDRQoElXfV9fSn8MIwfus0oa2lqkxowx4bvidofZbhZfKEiE6QgKwFEOBzs56MS3znI8TQ==",
      "requires": {
        "argsarray": "0.0.1",
        "inherits": "2.0.4",
        "pouchdb-changes-filter": "7.2.2",
        "pouchdb-collections": "7.2.2",
        "pouchdb-errors": "7.2.2",
        "pouchdb-fetch": "7.2.2",
        "pouchdb-merge": "7.2.2",
        "pouchdb-utils": "7.2.2"
      }
    },
    "pouchdb-errors": {
      "version": "7.2.2",
      "resolved": "https://registry.npmjs.org/pouchdb-errors/-/pouchdb-errors-7.2.2.tgz",
      "integrity": "sha512-6GQsiWc+7uPfgEHeavG+7wuzH3JZW29Dnrvz8eVbDFE50kVFxNDVm3EkYHskvo5isG7/IkOx7PV7RPTA3keG3g==",
      "requires": {
        "inherits": "2.0.4"
      }
    },
    "pouchdb-fetch": {
      "version": "7.2.2",
      "resolved": "https://registry.npmjs.org/pouchdb-fetch/-/pouchdb-fetch-7.2.2.tgz",
      "integrity": "sha512-lUHmaG6U3zjdMkh8Vob9GvEiRGwJfXKE02aZfjiVQgew+9SLkuOxNw3y2q4d1B6mBd273y1k2Lm0IAziRNxQnA==",
      "requires": {
        "abort-controller": "3.0.0",
        "fetch-cookie": "0.10.1",
        "node-fetch": "2.6.0"
      }
    },
    "pouchdb-generate-replication-id": {
      "version": "7.2.2",
      "resolved": "https://registry.npmjs.org/pouchdb-generate-replication-id/-/pouchdb-generate-replication-id-7.2.2.tgz",
      "integrity": "sha512-kBr9jTM3/qEQQDhraXdIhhy+OSi18X6pMJnWCSaT43194XuWZltnjH1Hty0aJ0U9s1UanyxqZwrb7wJT6QUpzg==",
      "requires": {
        "pouchdb-collate": "7.2.2",
        "pouchdb-md5": "7.2.2"
      }
    },
    "pouchdb-json": {
      "version": "7.2.2",
      "resolved": "https://registry.npmjs.org/pouchdb-json/-/pouchdb-json-7.2.2.tgz",
      "integrity": "sha512-3b2S2ynN+aoB7aCNyDZc/4c0IAdx/ir3nsHB+/RrKE9cM3QkQYbnnE3r/RvOD1Xvr6ji/KOCBie+Pz/6sxoaug==",
      "requires": {
        "vuvuzela": "1.0.3"
      }
    },
    "pouchdb-md5": {
      "version": "7.2.2",
      "resolved": "https://registry.npmjs.org/pouchdb-md5/-/pouchdb-md5-7.2.2.tgz",
      "integrity": "sha512-c/RvLp2oSh8PLAWU5vFBnp6ejJABIdKqboZwRRUrWcfGDf+oyX8RgmJFlYlzMMOh4XQLUT1IoaDV8cwlsuryZw==",
      "requires": {
        "pouchdb-binary-utils": "7.2.2",
        "spark-md5": "3.0.1"
      }
    },
    "pouchdb-merge": {
      "version": "7.2.2",
      "resolved": "https://registry.npmjs.org/pouchdb-merge/-/pouchdb-merge-7.2.2.tgz",
      "integrity": "sha512-6yzKJfjIchBaS7Tusuk8280WJdESzFfQ0sb4jeMUNnrqs4Cx3b0DIEOYTRRD9EJDM+je7D3AZZ4AT0tFw8gb4A=="
    },
    "pouchdb-promise": {
      "version": "6.4.3",
      "resolved": "https://registry.npmjs.org/pouchdb-promise/-/pouchdb-promise-6.4.3.tgz",
      "integrity": "sha512-ruJaSFXwzsxRHQfwNHjQfsj58LBOY1RzGzde4PM5CWINZwFjCQAhZwfMrch2o/0oZT6d+Xtt0HTWhq35p3b0qw==",
      "requires": {
        "lie": "3.1.1"
      },
      "dependencies": {
        "lie": {
          "version": "3.1.1",
          "resolved": "https://registry.npmjs.org/lie/-/lie-3.1.1.tgz",
          "integrity": "sha1-mkNrLMd0bKWd56QfpGmz77dr2H4=",
          "requires": {
            "immediate": "~3.0.5"
          }
        }
      }
    },
    "pouchdb-replication": {
      "version": "7.2.2",
      "resolved": "https://registry.npmjs.org/pouchdb-replication/-/pouchdb-replication-7.2.2.tgz",
      "integrity": "sha512-+Q2zqXWaHPOut0jGMABplmlML+8jUzkefyxZXgU6bXSbC9kEJCBAkjaFeZsF10HpsQZ9tHZ577g5EOqj7V1lTQ==",
      "requires": {
        "inherits": "2.0.4",
        "pouchdb-checkpointer": "7.2.2",
        "pouchdb-errors": "7.2.2",
        "pouchdb-generate-replication-id": "7.2.2",
        "pouchdb-utils": "7.2.2"
      }
    },
    "pouchdb-replication-stream": {
      "version": "1.2.9",
      "resolved": "https://registry.npmjs.org/pouchdb-replication-stream/-/pouchdb-replication-stream-1.2.9.tgz",
      "integrity": "sha1-qk+l2PUt9IJTkvGOB8fhGs/8ZQo=",
      "requires": {
        "argsarray": "0.0.1",
        "inherits": "^2.0.3",
        "lodash.pick": "^4.0.0",
        "ndjson": "^1.4.3",
        "pouch-stream": "^0.4.0",
        "pouchdb-promise": "^6.0.4",
        "through2": "^2.0.0"
      },
      "dependencies": {
        "isarray": {
          "version": "1.0.0",
          "resolved": "https://registry.npmjs.org/isarray/-/isarray-1.0.0.tgz",
          "integrity": "sha1-u5NdSFgsuhaMBoNJV6VKPgcSTxE="
        },
        "readable-stream": {
          "version": "2.3.7",
          "resolved": "https://registry.npmjs.org/readable-stream/-/readable-stream-2.3.7.tgz",
          "integrity": "sha512-Ebho8K4jIbHAxnuxi7o42OrZgF/ZTNcsZj6nRKyUmkhLFq8CHItp/fy6hQZuZmP/n3yZ9VBUbp4zz/mX8hmYPw==",
          "requires": {
            "core-util-is": "~1.0.0",
            "inherits": "~2.0.3",
            "isarray": "~1.0.0",
            "process-nextick-args": "~2.0.0",
            "safe-buffer": "~5.1.1",
            "string_decoder": "~1.1.1",
            "util-deprecate": "~1.0.1"
          }
        },
        "safe-buffer": {
          "version": "5.1.2",
          "resolved": "https://registry.npmjs.org/safe-buffer/-/safe-buffer-5.1.2.tgz",
          "integrity": "sha512-Gd2UZBJDkXlY7GbJxfsE8/nvKkUEU1G38c1siN6QP6a9PT9MmHB8GnpscSmMJSoF8LOIrt8ud/wPtojys4G6+g=="
        },
        "string_decoder": {
          "version": "1.1.1",
          "resolved": "https://registry.npmjs.org/string_decoder/-/string_decoder-1.1.1.tgz",
          "integrity": "sha512-n/ShnvDi6FHbbVfviro+WojiFzv+s8MPMHBczVePfUpDJLwoLT0ht1l4YwBCbi8pJAveEEdnkHyPyTP/mzRfwg==",
          "requires": {
            "safe-buffer": "~5.1.0"
          }
        },
        "through2": {
          "version": "2.0.5",
          "resolved": "https://registry.npmjs.org/through2/-/through2-2.0.5.tgz",
          "integrity": "sha512-/mrRod8xqpA+IHSLyGCQ2s8SPHiCDEeQJSep1jqLYeEUClOFG2Qsh+4FU6G9VeqpZnGW/Su8LQGc4YKni5rYSQ==",
          "requires": {
            "readable-stream": "~2.3.6",
            "xtend": "~4.0.1"
          }
        }
      }
    },
    "pouchdb-selector-core": {
      "version": "7.2.2",
      "resolved": "https://registry.npmjs.org/pouchdb-selector-core/-/pouchdb-selector-core-7.2.2.tgz",
      "integrity": "sha512-XYKCNv9oiNmSXV5+CgR9pkEkTFqxQGWplnVhO3W9P154H08lU0ZoNH02+uf+NjZ2kjse7Q1fxV4r401LEcGMMg==",
      "requires": {
        "pouchdb-collate": "7.2.2",
        "pouchdb-utils": "7.2.2"
      }
    },
    "pouchdb-utils": {
      "version": "7.2.2",
      "resolved": "https://registry.npmjs.org/pouchdb-utils/-/pouchdb-utils-7.2.2.tgz",
      "integrity": "sha512-XmeM5ioB4KCfyB2MGZXu1Bb2xkElNwF1qG+zVFbQsKQij0zvepdOUfGuWvLRHxTOmt4muIuSOmWZObZa3NOgzQ==",
      "requires": {
        "argsarray": "0.0.1",
        "clone-buffer": "1.0.0",
        "immediate": "3.3.0",
        "inherits": "2.0.4",
        "pouchdb-collections": "7.2.2",
        "pouchdb-errors": "7.2.2",
        "pouchdb-md5": "7.2.2",
        "uuid": "8.1.0"
      },
      "dependencies": {
        "immediate": {
          "version": "3.3.0",
          "resolved": "https://registry.npmjs.org/immediate/-/immediate-3.3.0.tgz",
          "integrity": "sha512-HR7EVodfFUdQCTIeySw+WDRFJlPcLOJbXfwwZ7Oom6tjsvZ3bOkCDJHehQC3nxJrv7+f9XecwazynjU8e4Vw3Q=="
        }
      }
    },
    "process-nextick-args": {
      "version": "2.0.1",
      "resolved": "https://registry.npmjs.org/process-nextick-args/-/process-nextick-args-2.0.1.tgz",
      "integrity": "sha512-3ouUOpQhtgrbOa17J7+uxOTpITYWaGP7/AhoR3+A+/1e9skrzelGi/dXzEYyvbxubEF6Wn2ypscTKiKJFFn1ag=="
    },
    "progress": {
      "version": "2.0.3",
      "resolved": "https://registry.npmjs.org/progress/-/progress-2.0.3.tgz",
      "integrity": "sha512-7PiHtLll5LdnKIMw100I+8xJXR5gW2QwWYkT6iJva0bXitZKa/XMrSbdmg3r2Xnaidz9Qumd0VPaMrZlF9V9sA=="
    },
    "prr": {
      "version": "1.0.1",
      "resolved": "https://registry.npmjs.org/prr/-/prr-1.0.1.tgz",
      "integrity": "sha1-0/wRS6BplaRexok/SEzrHXj19HY="
    },
    "psl": {
      "version": "1.8.0",
      "resolved": "https://registry.npmjs.org/psl/-/psl-1.8.0.tgz",
      "integrity": "sha512-RIdOzyoavK+hA18OGGWDqUTsCLhtA7IcZ/6NCs4fFJaHBDab+pDDmDIByWFRQJq2Cd7r1OoQxBGKOaztq+hjIQ=="
    },
    "punycode": {
      "version": "2.1.1",
      "resolved": "https://registry.npmjs.org/punycode/-/punycode-2.1.1.tgz",
      "integrity": "sha512-XRsRjdf+j5ml+y/6GKHPZbrF/8p2Yga0JPtdqTIY2Xe5ohJPD9saDJJLPvp9+NSBprVvevdXZybnj2cv8OEd0A=="
    },
    "readable-stream": {
      "version": "3.6.0",
      "resolved": "https://registry.npmjs.org/readable-stream/-/readable-stream-3.6.0.tgz",
      "integrity": "sha512-BViHy7LKeTz4oNnkcLJ+lVSL6vpiFeX6/d3oSH8zCW7UxP2onchk+vTGB143xuFjHS3deTgkKoXXymXqymiIdA==",
      "requires": {
        "inherits": "^2.0.3",
        "string_decoder": "^1.1.1",
        "util-deprecate": "^1.0.1"
      }
    },
    "require-directory": {
      "version": "2.1.1",
      "resolved": "https://registry.npmjs.org/require-directory/-/require-directory-2.1.1.tgz",
      "integrity": "sha1-jGStX9MNqxyXbiNE/+f3kqam30I="
    },
    "safe-buffer": {
      "version": "5.2.1",
      "resolved": "https://registry.npmjs.org/safe-buffer/-/safe-buffer-5.2.1.tgz",
      "integrity": "sha512-rp3So07KcdmmKbGvgaNxQSJr7bGVSVk5S9Eq1F+ppbRo70+YeaDxkw5Dd8NPN+GD6bjnYm2VuPuCXmpuYvmCXQ=="
    },
    "spark-md5": {
      "version": "3.0.1",
      "resolved": "https://registry.npmjs.org/spark-md5/-/spark-md5-3.0.1.tgz",
      "integrity": "sha512-0tF3AGSD1ppQeuffsLDIOWlKUd3lS92tFxcsrh5Pe3ZphhnoK+oXIBTzOAThZCiuINZLvpiLH/1VS1/ANEJVig=="
    },
    "split2": {
      "version": "2.2.0",
      "resolved": "https://registry.npmjs.org/split2/-/split2-2.2.0.tgz",
      "integrity": "sha512-RAb22TG39LhI31MbreBgIuKiIKhVsawfTgEGqKHTK87aG+ul/PB8Sqoi3I7kVdRWiCfrKxK3uo4/YUkpNvhPbw==",
      "requires": {
        "through2": "^2.0.2"
      },
      "dependencies": {
        "isarray": {
          "version": "1.0.0",
          "resolved": "https://registry.npmjs.org/isarray/-/isarray-1.0.0.tgz",
          "integrity": "sha1-u5NdSFgsuhaMBoNJV6VKPgcSTxE="
        },
        "readable-stream": {
          "version": "2.3.7",
          "resolved": "https://registry.npmjs.org/readable-stream/-/readable-stream-2.3.7.tgz",
          "integrity": "sha512-Ebho8K4jIbHAxnuxi7o42OrZgF/ZTNcsZj6nRKyUmkhLFq8CHItp/fy6hQZuZmP/n3yZ9VBUbp4zz/mX8hmYPw==",
          "requires": {
            "core-util-is": "~1.0.0",
            "inherits": "~2.0.3",
            "isarray": "~1.0.0",
            "process-nextick-args": "~2.0.0",
            "safe-buffer": "~5.1.1",
            "string_decoder": "~1.1.1",
            "util-deprecate": "~1.0.1"
          }
        },
        "safe-buffer": {
          "version": "5.1.2",
          "resolved": "https://registry.npmjs.org/safe-buffer/-/safe-buffer-5.1.2.tgz",
          "integrity": "sha512-Gd2UZBJDkXlY7GbJxfsE8/nvKkUEU1G38c1siN6QP6a9PT9MmHB8GnpscSmMJSoF8LOIrt8ud/wPtojys4G6+g=="
        },
        "string_decoder": {
          "version": "1.1.1",
          "resolved": "https://registry.npmjs.org/string_decoder/-/string_decoder-1.1.1.tgz",
          "integrity": "sha512-n/ShnvDi6FHbbVfviro+WojiFzv+s8MPMHBczVePfUpDJLwoLT0ht1l4YwBCbi8pJAveEEdnkHyPyTP/mzRfwg==",
          "requires": {
            "safe-buffer": "~5.1.0"
          }
        },
        "through2": {
          "version": "2.0.5",
          "resolved": "https://registry.npmjs.org/through2/-/through2-2.0.5.tgz",
          "integrity": "sha512-/mrRod8xqpA+IHSLyGCQ2s8SPHiCDEeQJSep1jqLYeEUClOFG2Qsh+4FU6G9VeqpZnGW/Su8LQGc4YKni5rYSQ==",
          "requires": {
            "readable-stream": "~2.3.6",
            "xtend": "~4.0.1"
          }
        }
      }
    },
    "string-width": {
      "version": "4.2.0",
      "resolved": "https://registry.npmjs.org/string-width/-/string-width-4.2.0.tgz",
      "integrity": "sha512-zUz5JD+tgqtuDjMhwIg5uFVV3dtqZ9yQJlZVfq4I01/K5Paj5UHj7VyrQOJvzawSVlKpObApbfD0Ed6yJc+1eg==",
      "requires": {
        "emoji-regex": "^8.0.0",
        "is-fullwidth-code-point": "^3.0.0",
        "strip-ansi": "^6.0.0"
      }
    },
    "string_decoder": {
      "version": "1.3.0",
      "resolved": "https://registry.npmjs.org/string_decoder/-/string_decoder-1.3.0.tgz",
      "integrity": "sha512-hkRX8U1WjJFd8LsDJ2yQ/wWWxaopEsABU1XfkM8A+j0+85JAGppt16cr1Whg6KIbb4okU6Mql6BOj+uup/wKeA==",
      "requires": {
        "safe-buffer": "~5.2.0"
      }
    },
    "strip-ansi": {
      "version": "6.0.0",
      "resolved": "https://registry.npmjs.org/strip-ansi/-/strip-ansi-6.0.0.tgz",
      "integrity": "sha512-AuvKTrTfQNYNIctbR1K/YGTR1756GycPsg7b9bdV9Duqur4gv6aKqHXah67Z8ImS7WEz5QVcOtlfW2rZEugt6w==",
      "requires": {
        "ansi-regex": "^5.0.0"
      }
    },
    "sublevel-pouchdb": {
      "version": "7.2.2",
      "resolved": "https://registry.npmjs.org/sublevel-pouchdb/-/sublevel-pouchdb-7.2.2.tgz",
      "integrity": "sha512-y5uYgwKDgXVyPZceTDGWsSFAhpSddY29l9PJbXqMJLfREdPmQTY8InpatohlEfCXX7s1LGcrfYAhxPFZaJOLnQ==",
      "requires": {
        "inherits": "2.0.4",
        "level-codec": "9.0.2",
        "ltgt": "2.2.1",
        "readable-stream": "1.1.14"
      },
      "dependencies": {
        "readable-stream": {
          "version": "1.1.14",
          "resolved": "https://registry.npmjs.org/readable-stream/-/readable-stream-1.1.14.tgz",
          "integrity": "sha1-fPTFTvZI44EwhMY23SB54WbAgdk=",
          "requires": {
            "core-util-is": "~1.0.0",
            "inherits": "~2.0.1",
            "isarray": "0.0.1",
            "string_decoder": "~0.10.x"
          }
        },
        "string_decoder": {
          "version": "0.10.31",
          "resolved": "https://registry.npmjs.org/string_decoder/-/string_decoder-0.10.31.tgz",
          "integrity": "sha1-YuIDvEF2bGwoyfyEMB2rHFMQ+pQ="
        }
      }
    },
    "through2": {
      "version": "4.0.2",
      "resolved": "https://registry.npmjs.org/through2/-/through2-4.0.2.tgz",
      "integrity": "sha512-iOqSav00cVxEEICeD7TjLB1sueEL+81Wpzp2bY17uZjZN0pWZPuo4suZ/61VujxmqSGFfgOcNuTZ85QJwNZQpw==",
      "requires": {
        "readable-stream": "3"
      }
    },
    "tough-cookie": {
      "version": "4.0.0",
      "resolved": "https://registry.npmjs.org/tough-cookie/-/tough-cookie-4.0.0.tgz",
      "integrity": "sha512-tHdtEpQCMrc1YLrMaqXXcj6AxhYi/xgit6mZu1+EDWUn+qhUf8wMQoFIy9NXuq23zAwtcB0t/MjACGR18pcRbg==",
      "requires": {
        "psl": "^1.1.33",
        "punycode": "^2.1.1",
        "universalify": "^0.1.2"
      }
    },
    "universalify": {
      "version": "0.1.2",
      "resolved": "https://registry.npmjs.org/universalify/-/universalify-0.1.2.tgz",
      "integrity": "sha512-rBJeI5CXAlmy1pV+617WB9J63U6XcazHHF2f2dbJix4XzpUF0RS3Zbj0FGIOCAva5P/d/GBOYaACQ1w+0azUkg=="
    },
    "util-deprecate": {
      "version": "1.0.2",
      "resolved": "https://registry.npmjs.org/util-deprecate/-/util-deprecate-1.0.2.tgz",
      "integrity": "sha1-RQ1Nyfpw3nMnYvvS1KKJgUGaDM8="
    },
    "uuid": {
      "version": "8.1.0",
      "resolved": "https://registry.npmjs.org/uuid/-/uuid-8.1.0.tgz",
      "integrity": "sha512-CI18flHDznR0lq54xBycOVmphdCYnQLKn8abKn7PXUiKUGdEd+/l9LWNJmugXel4hXq7S+RMNl34ecyC9TntWg=="
    },
    "vuvuzela": {
      "version": "1.0.3",
      "resolved": "https://registry.npmjs.org/vuvuzela/-/vuvuzela-1.0.3.tgz",
      "integrity": "sha1-O+FF5YJxxzylUnndhR8SpoIRSws="
    },
    "wrap-ansi": {
      "version": "7.0.0",
      "resolved": "https://registry.npmjs.org/wrap-ansi/-/wrap-ansi-7.0.0.tgz",
      "integrity": "sha512-YVGIj2kamLSTxw6NsZjoBxfSwsn0ycdesmc4p+Q21c5zPuZ1pl+NfxVdxPtdHvmNVOQ6XSYG4AUtyt/Fi7D16Q==",
      "requires": {
        "ansi-styles": "^4.0.0",
        "string-width": "^4.1.0",
        "strip-ansi": "^6.0.0"
      }
    },
    "write-stream": {
      "version": "0.4.3",
      "resolved": "https://registry.npmjs.org/write-stream/-/write-stream-0.4.3.tgz",
      "integrity": "sha1-g8yMA0fQr2BXqThitOOuAd5cgcE=",
      "requires": {
        "readable-stream": "~0.0.2"
      },
      "dependencies": {
        "readable-stream": {
          "version": "0.0.4",
          "resolved": "https://registry.npmjs.org/readable-stream/-/readable-stream-0.0.4.tgz",
          "integrity": "sha1-8y124/uGM0SlSNeZIwBxc2ZbO40="
        }
      }
    },
    "xtend": {
      "version": "4.0.2",
      "resolved": "https://registry.npmjs.org/xtend/-/xtend-4.0.2.tgz",
      "integrity": "sha512-LKYU1iAXJXUgAXn9URjiu+MWhyUXHsvfp7mcuYm9dSUKK0/CjtrUwFAxD82/mCWbtLsGjFIad0wIsod4zrTAEQ=="
    },
    "y18n": {
      "version": "5.0.4",
      "resolved": "https://registry.npmjs.org/y18n/-/y18n-5.0.4.tgz",
      "integrity": "sha512-deLOfD+RvFgrpAmSZgfGdWYE+OKyHcVHaRQ7NphG/63scpRvTHHeQMAxGGvaLVGJ+HYVcCXlzcTK0ZehFf+eHQ=="
    },
    "yargs": {
      "version": "16.1.0",
      "resolved": "https://registry.npmjs.org/yargs/-/yargs-16.1.0.tgz",
      "integrity": "sha512-upWFJOmDdHN0syLuESuvXDmrRcWd1QafJolHskzaw79uZa7/x53gxQKiR07W59GWY1tFhhU/Th9DrtSfpS782g==",
      "requires": {
        "cliui": "^7.0.2",
        "escalade": "^3.1.1",
        "get-caller-file": "^2.0.5",
        "require-directory": "^2.1.1",
        "string-width": "^4.2.0",
        "y18n": "^5.0.2",
        "yargs-parser": "^20.2.2"
      }
    },
    "yargs-parser": {
      "version": "20.2.3",
      "resolved": "https://registry.npmjs.org/yargs-parser/-/yargs-parser-20.2.3.tgz",
      "integrity": "sha512-emOFRT9WVHw03QSvN5qor9QQT9+sw5vwxfYweivSMHTcAXPefwVae2FjO7JJjj8hCE4CzPOPeFM83VwT29HCww=="
    }
  }
}
